
Microsoft Visual Studio Solution File, Format Version 12.00
# Visual Studio Version 16
VisualStudioVersion = 16.0.34301.259
MinimumVisualStudioVersion = 10.0.40219.1
Project("{FAE04EC0-301F-11D3-BF4B-00C04F79EFBC}") = "MoreParkFriends", "MoreParkFriends\MoreParkFriends.csproj", "{674BB24A-E35E-4068-8DBE-20E510A504BA}"
EndProject
Global
	GlobalSection(SolutionConfigurationPlatforms) = preSolution
		Debug|Any CPU = Debug|Any CPU
		Release|Any CPU = Release|Any CPU
	EndGlobalSection
	GlobalSection(ProjectConfigurationPlatforms) = postSolution
		{674BB24A-E35E-4068-8DBE-20E510A504BA}.Debug|Any CPU.ActiveCfg = Debug|Any CPU
		{674BB24A-E35E-4068-8DBE-20E510A504BA}.Debug|Any CPU.Build.0 = Debug|Any CPU
		{674BB24A-E35E-4068-8DBE-20E510A504BA}.Release|Any CPU.ActiveCfg = Release|Any CPU
		{674BB24A-E35E-4068-8DBE-20E510A504BA}.Release|Any CPU.Build.0 = Release|Any CPU
	EndGlobalSection
	GlobalSection(SolutionProperties) = preSolution
		HideSolutionNode = FALSE
	EndGlobalSection
	GlobalSection(ExtensibilityGlobals) = postSolution
		SolutionGuid = {1E147EFB-6D6D-4AFD-B458-E5BA67B956F0}
	EndGlobalSection
EndGlobal
